// !$*UTF8*$!
{
	archiveVersion = 1;
	classes = {
	};
	objectVersion = 55;
	objects = {

/* Begin PBXBuildFile section */
		E2689C1F27B1A07E00D62EE2 /* AppDelegate.swift in Sources */ = {isa = PBXBuildFile; fileRef = E2689C1E27B1A07E00D62EE2 /* AppDelegate.swift */; };
		E2689C2127B1A07E00D62EE2 /* SceneDelegate.swift in Sources */ = {isa = PBXBuildFile; fileRef = E2689C2027B1A07E00D62EE2 /* SceneDelegate.swift */; };
		E2689C2327B1A07E00D62EE2 /* ViewController.swift in Sources */ = {isa = PBXBuildFile; fileRef = E2689C2227B1A07E00D62EE2 /* ViewController.swift */; };
		E2689C2627B1A07E00D62EE2 /* Main.storyboard in Resources */ = {isa = PBXBuildFile; fileRef = E2689C2427B1A07E00D62EE2 /* Main.storyboard */; };
		E2689C2827B1A07F00D62EE2 /* Assets.xcassets in Resources */ = {isa = PBXBuildFile; fileRef = E2689C2727B1A07F00D62EE2 /* Assets.xcassets */; };
		E2689C2B27B1A07F00D62EE2 /* LaunchScreen.storyboard in Resources */ = {isa = PBXBuildFile; fileRef = E2689C2927B1A07F00D62EE2 /* LaunchScreen.storyboard */; };
		E2689C3427B1A0C300D62EE2 /* libsqlite3.tbd in Frameworks */ = {isa = PBXBuildFile; fileRef = E2689C3327B1A0A300D62EE2 /* libsqlite3.tbd */; };
		E2689C4127B1A14200D62EE2 /* FMDatabaseAdditions.m in Sources */ = {isa = PBXBuildFile; fileRef = E2689C3727B1A14100D62EE2 /* FMDatabaseAdditions.m */; };
		E2689C4227B1A14200D62EE2 /* FMDatabasePool.m in Sources */ = {isa = PBXBuildFile; fileRef = E2689C3827B1A14100D62EE2 /* FMDatabasePool.m */; };
		E2689C4327B1A14200D62EE2 /* FMResultSet.m in Sources */ = {isa = PBXBuildFile; fileRef = E2689C3927B1A14100D62EE2 /* FMResultSet.m */; };
		E2689C4427B1A14200D62EE2 /* FMDatabaseQueue.m in Sources */ = {isa = PBXBuildFile; fileRef = E2689C3A27B1A14100D62EE2 /* FMDatabaseQueue.m */; };
		E2689C4527B1A14200D62EE2 /* FMDatabase.m in Sources */ = {isa = PBXBuildFile; fileRef = E2689C3C27B1A14200D62EE2 /* FMDatabase.m */; };
		E2689C4727B1A3BD00D62EE2 /* kisilergiris.sqlite in Resources */ = {isa = PBXBuildFile; fileRef = E2689C4627B1A3BD00D62EE2 /* kisilergiris.sqlite */; };
		E2689C4927B1AA1D00D62EE2 /* Kisiler.swift in Sources */ = {isa = PBXBuildFile; fileRef = E2689C4827B1AA1D00D62EE2 /* Kisiler.swift */; };
		E2689C4B27B1AB2D00D62EE2 /* KisilerDao.swift in Sources */ = {isa = PBXBuildFile; fileRef = E2689C4A27B1AB2D00D62EE2 /* KisilerDao.swift */; };
/* End PBXBuildFile section */

/* Begin PBXFileReference section */
		E2689C1B27B1A07E00D62EE2 /* SQLiteBasic.app */ = {isa = PBXFileReference; explicitFileType = wrapper.application; includeInIndex = 0; path = SQLiteBasic.app; sourceTree = BUILT_PRODUCTS_DIR; };
		E2689C1E27B1A07E00D62EE2 /* AppDelegate.swift */ = {isa = PBXFileReference; lastKnownFileType = sourcecode.swift; path = AppDelegate.swift; sourceTree = "<group>"; };
		E2689C2027B1A07E00D62EE2 /* SceneDelegate.swift */ = {isa = PBXFileReference; lastKnownFileType = sourcecode.swift; path = SceneDelegate.swift; sourceTree = "<group>"; };
		E2689C2227B1A07E00D62EE2 /* ViewController.swift */ = {isa = PBXFileReference; lastKnownFileType = sourcecode.swift; path = ViewController.swift; sourceTree = "<group>"; };
		E2689C2527B1A07E00D62EE2 /* Base */ = {isa = PBXFileReference; lastKnownFileType = file.storyboard; name = Base; path = Base.lproj/Main.storyboard; sourceTree = "<group>"; };
		E2689C2727B1A07F00D62EE2 /* Assets.xcassets */ = {isa = PBXFileReference; lastKnownFileType = folder.assetcatalog; path = Assets.xcassets; sourceTree = "<group>"; };
		E2689C2A27B1A07F00D62EE2 /* Base */ = {isa = PBXFileReference; lastKnownFileType = file.storyboard; name = Base; path = Base.lproj/LaunchScreen.storyboard; sourceTree = "<group>"; };
		E2689C2C27B1A07F00D62EE2 /* Info.plist */ = {isa = PBXFileReference; lastKnownFileType = text.plist.xml; path = Info.plist; sourceTree = "<group>"; };
		E2689C3327B1A0A300D62EE2 /* libsqlite3.tbd */ = {isa = PBXFileReference; lastKnownFileType = "sourcecode.text-based-dylib-definition"; name = libsqlite3.tbd; path = usr/lib/libsqlite3.tbd; sourceTree = SDKROOT; };
		E2689C3527B1A14100D62EE2 /* SQLiteBasic-Bridging-Header.h */ = {isa = PBXFileReference; lastKnownFileType = sourcecode.c.h; path = "SQLiteBasic-Bridging-Header.h"; sourceTree = "<group>"; };
		E2689C3627B1A14100D62EE2 /* FMDatabasePool.h */ = {isa = PBXFileReference; fileEncoding = 4; lastKnownFileType = sourcecode.c.h; path = FMDatabasePool.h; sourceTree = "<group>"; };
		E2689C3727B1A14100D62EE2 /* FMDatabaseAdditions.m */ = {isa = PBXFileReference; fileEncoding = 4; lastKnownFileType = sourcecode.c.objc; path = FMDatabaseAdditions.m; sourceTree = "<group>"; };
		E2689C3827B1A14100D62EE2 /* FMDatabasePool.m */ = {isa = PBXFileReference; fileEncoding = 4; lastKnownFileType = sourcecode.c.objc; path = FMDatabasePool.m; sourceTree = "<group>"; };
		E2689C3927B1A14100D62EE2 /* FMResultSet.m */ = {isa = PBXFileReference; fileEncoding = 4; lastKnownFileType = sourcecode.c.objc; path = FMResultSet.m; sourceTree = "<group>"; };
		E2689C3A27B1A14100D62EE2 /* FMDatabaseQueue.m */ = {isa = PBXFileReference; fileEncoding = 4; lastKnownFileType = sourcecode.c.objc; path = FMDatabaseQueue.m; sourceTree = "<group>"; };
		E2689C3B27B1A14200D62EE2 /* FMDatabaseAdditions.h */ = {isa = PBXFileReference; fileEncoding = 4; lastKnownFileType = sourcecode.c.h; path = FMDatabaseAdditions.h; sourceTree = "<group>"; };
		E2689C3C27B1A14200D62EE2 /* FMDatabase.m */ = {isa = PBXFileReference; fileEncoding = 4; lastKnownFileType = sourcecode.c.objc; path = FMDatabase.m; sourceTree = "<group>"; };
		E2689C3D27B1A14200D62EE2 /* FMDatabaseQueue.h */ = {isa = PBXFileReference; fileEncoding = 4; lastKnownFileType = sourcecode.c.h; path = FMDatabaseQueue.h; sourceTree = "<group>"; };
		E2689C3E27B1A14200D62EE2 /* FMResultSet.h */ = {isa = PBXFileReference; fileEncoding = 4; lastKnownFileType = sourcecode.c.h; path = FMResultSet.h; sourceTree = "<group>"; };
		E2689C3F27B1A14200D62EE2 /* FMDB.h */ = {isa = PBXFileReference; fileEncoding = 4; lastKnownFileType = sourcecode.c.h; path = FMDB.h; sourceTree = "<group>"; };
		E2689C4027B1A14200D62EE2 /* FMDatabase.h */ = {isa = PBXFileReference; fileEncoding = 4; lastKnownFileType = sourcecode.c.h; path = FMDatabase.h; sourceTree = "<group>"; };
		E2689C4627B1A3BD00D62EE2 /* kisilergiris.sqlite */ = {isa = PBXFileReference; lastKnownFileType = file; path = kisilergiris.sqlite; sourceTree = "<group>"; };
		E2689C4827B1AA1D00D62EE2 /* Kisiler.swift */ = {isa = PBXFileReference; lastKnownFileType = sourcecode.swift; path = Kisiler.swift; sourceTree = "<group>"; };
		E2689C4A27B1AB2D00D62EE2 /* KisilerDao.swift */ = {isa = PBXFileReference; lastKnownFileType = sourcecode.swift; path = KisilerDao.swift; sourceTree = "<group>"; };
/* End PBXFileReference section */

/* Begin PBXFrameworksBuildPhase section */
		E2689C1827B1A07E00D62EE2 /* Frameworks */ = {
			isa = PBXFrameworksBuildPhase;
			buildActionMask = 2147483647;
			files = (
				E2689C3427B1A0C300D62EE2 /* libsqlite3.tbd in Frameworks */,
			);
			runOnlyForDeploymentPostprocessing = 0;
		};
/* End PBXFrameworksBuildPhase section */

/* Begin PBXGroup section */
		E2689C1227B1A07E00D62EE2 = {
			isa = PBXGroup;
			children = (
				E2689C1D27B1A07E00D62EE2 /* SQLiteBasic */,
				E2689C1C27B1A07E00D62EE2 /* Products */,
				E2689C3227B1A0A300D62EE2 /* Frameworks */,
			);
			sourceTree = "<group>";
		};
		E2689C1C27B1A07E00D62EE2 /* Products */ = {
			isa = PBXGroup;
			children = (
				E2689C1B27B1A07E00D62EE2 /* SQLiteBasic.app */,
			);
			name = Products;
			sourceTree = "<group>";
		};
		E2689C1D27B1A07E00D62EE2 /* SQLiteBasic */ = {
			isa = PBXGroup;
			children = (
				E2689C4627B1A3BD00D62EE2 /* kisilergiris.sqlite */,
				E2689C1E27B1A07E00D62EE2 /* AppDelegate.swift */,
				E2689C2027B1A07E00D62EE2 /* SceneDelegate.swift */,
				E2689C2227B1A07E00D62EE2 /* ViewController.swift */,
				E2689C2427B1A07E00D62EE2 /* Main.storyboard */,
				E2689C2727B1A07F00D62EE2 /* Assets.xcassets */,
				E2689C2927B1A07F00D62EE2 /* LaunchScreen.storyboard */,
				E2689C2C27B1A07F00D62EE2 /* Info.plist */,
				E2689C4027B1A14200D62EE2 /* FMDatabase.h */,
				E2689C3C27B1A14200D62EE2 /* FMDatabase.m */,
				E2689C3B27B1A14200D62EE2 /* FMDatabaseAdditions.h */,
				E2689C3727B1A14100D62EE2 /* FMDatabaseAdditions.m */,
				E2689C3627B1A14100D62EE2 /* FMDatabasePool.h */,
				E2689C3827B1A14100D62EE2 /* FMDatabasePool.m */,
				E2689C3D27B1A14200D62EE2 /* FMDatabaseQueue.h */,
				E2689C3A27B1A14100D62EE2 /* FMDatabaseQueue.m */,
				E2689C3F27B1A14200D62EE2 /* FMDB.h */,
				E2689C3E27B1A14200D62EE2 /* FMResultSet.h */,
				E2689C3927B1A14100D62EE2 /* FMResultSet.m */,
				E2689C3527B1A14100D62EE2 /* SQLiteBasic-Bridging-Header.h */,
				E2689C4827B1AA1D00D62EE2 /* Kisiler.swift */,
				E2689C4A27B1AB2D00D62EE2 /* KisilerDao.swift */,
			);
			path = SQLiteBasic;
			sourceTree = "<group>";
		};
		E2689C3227B1A0A300D62EE2 /* Frameworks */ = {
			isa = PBXGroup;
			children = (
				E2689C3327B1A0A300D62EE2 /* libsqlite3.tbd */,
			);
			name = Frameworks;
			sourceTree = "<group>";
		};
/* End PBXGroup section */

/* Begin PBXNativeTarget section */
		E2689C1A27B1A07E00D62EE2 /* SQLiteBasic */ = {
			isa = PBXNativeTarget;
			buildConfigurationList = E2689C2F27B1A07F00D62EE2 /* Build configuration list for PBXNativeTarget "SQLiteBasic" */;
			buildPhases = (
				E2689C1727B1A07E00D62EE2 /* Sources */,
				E2689C1827B1A07E00D62EE2 /* Frameworks */,
				E2689C1927B1A07E00D62EE2 /* Resources */,
			);
			buildRules = (
			);
			dependencies = (
			);
			name = SQLiteBasic;
			productName = SQLiteBasic;
			productReference = E2689C1B27B1A07E00D62EE2 /* SQLiteBasic.app */;
			productType = "com.apple.product-type.application";
		};
/* End PBXNativeTarget section */

/* Begin PBXProject section */
		E2689C1327B1A07E00D62EE2 /* Project object */ = {
			isa = PBXProject;
			attributes = {
				BuildIndependentTargetsInParallel = 1;
				LastSwiftUpdateCheck = 1320;
				LastUpgradeCheck = 1320;
				TargetAttributes = {
					E2689C1A27B1A07E00D62EE2 = {
						CreatedOnToolsVersion = 13.2.1;
						LastSwiftMigration = 1320;
					};
				};
			};
			buildConfigurationList = E2689C1627B1A07E00D62EE2 /* Build configuration list for PBXProject "SQLiteBasic" */;
			compatibilityVersion = "Xcode 13.0";
			developmentRegion = en;
			hasScannedForEncodings = 0;
			knownRegions = (
				en,
				Base,
			);
			mainGroup = E2689C1227B1A07E00D62EE2;
			productRefGroup = E2689C1C27B1A07E00D62EE2 /* Products */;
			projectDirPath = "";
			projectRoot = "";
			targets = (
				E2689C1A27B1A07E00D62EE2 /* SQLiteBasic */,
			);
		};
/* End PBXProject section */

/* Begin PBXResourcesBuildPhase section */
		E2689C1927B1A07E00D62EE2 /* Resources */ = {
			isa = PBXResourcesBuildPhase;
			buildActionMask = 2147483647;
			files = (
				E2689C4727B1A3BD00D62EE2 /* kisilergiris.sqlite in Resources */,
				E2689C2B27B1A07F00D62EE2 /* LaunchScreen.storyboard in Resources */,
				E2689C2827B1A07F00D62EE2 /* Assets.xcassets in Resources */,
				E2689C2627B1A07E00D62EE2 /* Main.storyboard in Resources */,
			);
			runOnlyForDeploymentPostprocessing = 0;
		};
/* End PBXResourcesBuildPhase section */

/* Begin PBXSourcesBuildPhase section */
		E2689C1727B1A07E00D62EE2 /* Sources */ = {
			isa = PBXSourcesBuildPhase;
			buildActionMask = 2147483647;
			files = (
				E2689C4327B1A14200D62EE2 /* FMResultSet.m in Sources */,
				E2689C2327B1A07E00D62EE2 /* ViewController.swift in Sources */,
				E2689C1F27B1A07E00D62EE2 /* AppDelegate.swift in Sources */,
				E2689C4427B1A14200D62EE2 /* FMDatabaseQueue.m in Sources */,
				E2689C4227B1A14200D62EE2 /* FMDatabasePool.m in Sources */,
				E2689C2127B1A07E00D62EE2 /* SceneDelegate.swift in Sources */,
				E2689C4B27B1AB2D00D62EE2 /* KisilerDao.swift in Sources */,
				E2689C4127B1A14200D62EE2 /* FMDatabaseAdditions.m in Sources */,
				E2689C4527B1A14200D62EE2 /* FMDatabase.m in Sources */,
				E2689C4927B1AA1D00D62EE2 /* Kisiler.swift in Sources */,
			);
			runOnlyForDeploymentPostprocessing = 0;
		};
/* End PBXSourcesBuildPhase section */

/* Begin PBXVariantGroup section */
		E2689C2427B1A07E00D62EE2 /* Main.storyboard */ = {
			isa = PBXVariantGroup;
			children = (
				E2689C2527B1A07E00D62EE2 /* Base */,
			);
			name = Main.storyboard;
			sourceTree = "<group>";
		};
		E2689C2927B1A07F00D62EE2 /* LaunchScreen.storyboard */ = {
			isa = PBXVariantGroup;
			children = (
				E2689C2A27B1A07F00D62EE2 /* Base */,
			);
			name = LaunchScreen.storyboard;
			sourceTree = "<group>";
		};
/* End PBXVariantGroup section */

/* Begin XCBuildConfiguration section */
		E2689C2D27B1A07F00D62EE2 /* Debug */ = {
			isa = XCBuildConfiguration;
			buildSettings = {
				ALWAYS_SEARCH_USER_PATHS = NO;
				CLANG_ANALYZER_NONNULL = YES;
				CLANG_ANALYZER_NUMBER_OBJECT_CONVERSION = YES_AGGRESSIVE;
				CLANG_CXX_LANGUAGE_STANDARD = "gnu++17";
				CLANG_CXX_LIBRARY = "libc++";
				CLANG_ENABLE_MODULES = YES;
				CLANG_ENABLE_OBJC_ARC = YES;
				CLANG_ENABLE_OBJC_WEAK = YES;
				CLANG_WARN_BLOCK_CAPTURE_AUTORELEASING = YES;
				CLANG_WARN_BOOL_CONVERSION = YES;
				CLANG_WARN_COMMA = YES;
				CLANG_WARN_CONSTANT_CONVERSION = YES;
				CLANG_WARN_DEPRECATED_OBJC_IMPLEMENTATIONS = YES;
				CLANG_WARN_DIRECT_OBJC_ISA_USAGE = YES_ERROR;
				CLANG_WARN_DOCUMENTATION_COMMENTS = YES;
				CLANG_WARN_EMPTY_BODY = YES;
				CLANG_WARN_ENUM_CONVERSION = YES;
				CLANG_WARN_INFINITE_RECURSION = YES;
				CLANG_WARN_INT_CONVERSION = YES;
				CLANG_WARN_NON_LITERAL_NULL_CONVERSION = YES;
				CLANG_WARN_OBJC_IMPLICIT_RETAIN_SELF = YES;
				CLANG_WARN_OBJC_LITERAL_CONVERSION = YES;
				CLANG_WARN_OBJC_ROOT_CLASS = YES_ERROR;
				CLANG_WARN_QUOTED_INCLUDE_IN_FRAMEWORK_HEADER = YES;
				CLANG_WARN_RANGE_LOOP_ANALYSIS = YES;
				CLANG_WARN_STRICT_PROTOTYPES = YES;
				CLANG_WARN_SUSPICIOUS_MOVE = YES;
				CLANG_WARN_UNGUARDED_AVAILABILITY = YES_AGGRESSIVE;
				CLANG_WARN_UNREACHABLE_CODE = YES;
				CLANG_WARN__DUPLICATE_METHOD_MATCH = YES;
				COPY_PHASE_STRIP = NO;
				DEBUG_INFORMATION_FORMAT = dwarf;
				ENABLE_STRICT_OBJC_MSGSEND = YES;
				ENABLE_TESTABILITY = YES;
				GCC_C_LANGUAGE_STANDARD = gnu11;
				GCC_DYNAMIC_NO_PIC = NO;
				GCC_NO_COMMON_BLOCKS = YES;
				GCC_OPTIMIZATION_LEVEL = 0;
				GCC_PREPROCESSOR_DEFINITIONS = (
					"DEBUG=1",
					"$(inherited)",
				);
				GCC_WARN_64_TO_32_BIT_CONVERSION = YES;
				GCC_WARN_ABOUT_RETURN_TYPE = YES_ERROR;
				GCC_WARN_UNDECLARED_SELECTOR = YES;
				GCC_WARN_UNINITIALIZED_AUTOS = YES_AGGRESSIVE;
				GCC_WARN_UNUSED_FUNCTION = YES;
				GCC_WARN_UNUSED_VARIABLE = YES;
				IPHONEOS_DEPLOYMENT_TARGET = 15.2;
				MTL_ENABLE_DEBUG_INFO = INCLUDE_SOURCE;
				MTL_FAST_MATH = YES;
				ONLY_ACTIVE_ARCH = YES;
				SDKROOT = iphoneos;
				SWIFT_ACTIVE_COMPILATION_CONDITIONS = DEBUG;
				SWIFT_OPTIMIZATION_LEVEL = "-Onone";
			};
			name = Debug;
		};
		E2689C2E27B1A07F00D62EE2 /* Release */ = {
			isa = XCBuildConfiguration;
			buildSettings = {
				ALWAYS_SEARCH_USER_PATHS = NO;
				CLANG_ANALYZER_NONNULL = YES;
				CLANG_ANALYZER_NUMBER_OBJECT_CONVERSION = YES_AGGRESSIVE;
				CLANG_CXX_LANGUAGE_STANDARD = "gnu++17";
				CLANG_CXX_LIBRARY = "libc++";
				CLANG_ENABLE_MODULES = YES;
				CLANG_ENABLE_OBJC_ARC = YES;
				CLANG_ENABLE_OBJC_WEAK = YES;
				CLANG_WARN_BLOCK_CAPTURE_AUTORELEASING = YES;
				CLANG_WARN_BOOL_CONVERSION = YES;
				CLANG_WARN_COMMA = YES;
				CLANG_WARN_CONSTANT_CONVERSION = YES;
				CLANG_WARN_DEPRECATED_OBJC_IMPLEMENTATIONS = YES;
				CLANG_WARN_DIRECT_OBJC_ISA_USAGE = YES_ERROR;
				CLANG_WARN_DOCUMENTATION_COMMENTS = YES;
				CLANG_WARN_EMPTY_BODY = YES;
				CLANG_WARN_ENUM_CONVERSION = YES;
				CLANG_WARN_INFINITE_RECURSION = YES;
				CLANG_WARN_INT_CONVERSION = YES;
				CLANG_WARN_NON_LITERAL_NULL_CONVERSION = YES;
				CLANG_WARN_OBJC_IMPLICIT_RETAIN_SELF = YES;
				CLANG_WARN_OBJC_LITERAL_CONVERSION = YES;
				CLANG_WARN_OBJC_ROOT_CLASS = YES_ERROR;
				CLANG_WARN_QUOTED_INCLUDE_IN_FRAMEWORK_HEADER = YES;
				CLANG_WARN_RANGE_LOOP_ANALYSIS = YES;
				CLANG_WARN_STRICT_PROTOTYPES = YES;
				CLANG_WARN_SUSPICIOUS_MOVE = YES;
				CLANG_WARN_UNGUARDED_AVAILABILITY = YES_AGGRESSIVE;
				CLANG_WARN_UNREACHABLE_CODE = YES;
				CLANG_WARN__DUPLICATE_METHOD_MATCH = YES;
				COPY_PHASE_STRIP = NO;
				DEBUG_INFORMATION_FORMAT = "dwarf-with-dsym";
				ENABLE_NS_ASSERTIONS = NO;
				ENABLE_STRICT_OBJC_MSGSEND = YES;
				GCC_C_LANGUAGE_STANDARD = gnu11;
				GCC_NO_COMMON_BLOCKS = YES;
				GCC_WARN_64_TO_32_BIT_CONVERSION = YES;
				GCC_WARN_ABOUT_RETURN_TYPE = YES_ERROR;
				GCC_WARN_UNDECLARED_SELECTOR = YES;
				GCC_WARN_UNINITIALIZED_AUTOS = YES_AGGRESSIVE;
				GCC_WARN_UNUSED_FUNCTION = YES;
				GCC_WARN_UNUSED_VARIABLE = YES;
				IPHONEOS_DEPLOYMENT_TARGET = 15.2;
				MTL_ENABLE_DEBUG_INFO = NO;
				MTL_FAST_MATH = YES;
				SDKROOT = iphoneos;
				SWIFT_COMPILATION_MODE = wholemodule;
				SWIFT_OPTIMIZATION_LEVEL = "-O";
				VALIDATE_PRODUCT = YES;
			};
			name = Release;
		};
		E2689C3027B1A07F00D62EE2 /* Debug */ = {
			isa = XCBuildConfiguration;
			buildSettings = {
				ASSETCATALOG_COMPILER_APPICON_NAME = AppIcon;
				ASSETCATALOG_COMPILER_GLOBAL_ACCENT_COLOR_NAME = AccentColor;
				CLANG_ENABLE_MODULES = YES;
				CODE_SIGN_STYLE = Automatic;
				CURRENT_PROJECT_VERSION = 1;
				GENERATE_INFOPLIST_FILE = YES;
				INFOPLIST_FILE = SQLiteBasic/Info.plist;
				INFOPLIST_KEY_UIApplicationSupportsIndirectInputEvents = YES;
				INFOPLIST_KEY_UILaunchStoryboardName = LaunchScreen;
				INFOPLIST_KEY_UIMainStoryboardFile = Main;
				INFOPLIST_KEY_UISupportedInterfaceOrientations_iPad = "UIInterfaceOrientationPortrait UIInterfaceOrientationPortraitUpsideDown UIInterfaceOrientationLandscapeLeft UIInterfaceOrientationLandscapeRight";
				INFOPLIST_KEY_UISupportedInterfaceOrientations_iPhone = "UIInterfaceOrientationPortrait UIInterfaceOrientationLandscapeLeft UIInterfaceOrientationLandscapeRight";
				LD_RUNPATH_SEARCH_PATHS = (
					"$(inherited)",
					"@executable_path/Frameworks",
				);
				MARKETING_VERSION = 1.0;
				PRODUCT_BUNDLE_IDENTIFIER = myzk.SQLiteBasic;
				PRODUCT_NAME = "$(TARGET_NAME)";
				SWIFT_EMIT_LOC_STRINGS = YES;
				SWIFT_OBJC_BRIDGING_HEADER = "SQLiteBasic/SQLiteBasic-Bridging-Header.h";
				SWIFT_OPTIMIZATION_LEVEL = "-Onone";
				SWIFT_VERSION = 5.0;
				TARGETED_DEVICE_FAMILY = "1,2";
			};
			name = Debug;
		};
		E2689C3127B1A07F00D62EE2 /* Release */ = {
			isa = XCBuildConfiguration;
			buildSettings = {
				ASSETCATALOG_COMPILER_APPICON_NAME = AppIcon;
				ASSETCATALOG_COMPILER_GLOBAL_ACCENT_COLOR_NAME = AccentColor;
				CLANG_ENABLE_MODULES = YES;
				CODE_SIGN_STYLE = Automatic;
				CURRENT_PROJECT_VERSION = 1;
				GENERATE_INFOPLIST_FILE = YES;
				INFOPLIST_FILE = SQLiteBasic/Info.plist;
				INFOPLIST_KEY_UIApplicationSupportsIndirectInputEvents = YES;
				INFOPLIST_KEY_UILaunchStoryboardName = LaunchScreen;
				INFOPLIST_KEY_UIMainStoryboardFile = Main;
				INFOPLIST_KEY_UISupportedInterfaceOrientations_iPad = "UIInterfaceOrientationPortrait UIInterfaceOrientationPortraitUpsideDown UIInterfaceOrientationLandscapeLeft UIInterfaceOrientationLandscapeRight";
				INFOPLIST_KEY_UISupportedInterfaceOrientations_iPhone = "UIInterfaceOrientationPortrait UIInterfaceOrientationLandscapeLeft UIInterfaceOrientationLandscapeRight";
				LD_RUNPATH_SEARCH_PATHS = (
					"$(inherited)",
					"@executable_path/Frameworks",
				);
				MARKETING_VERSION = 1.0;
				PRODUCT_BUNDLE_IDENTIFIER = myzk.SQLiteBasic;
				PRODUCT_NAME = "$(TARGET_NAME)";
				SWIFT_EMIT_LOC_STRINGS = YES;
				SWIFT_OBJC_BRIDGING_HEADER = "SQLiteBasic/SQLiteBasic-Bridging-Header.h";
				SWIFT_VERSION = 5.0;
				TARGETED_DEVICE_FAMILY = "1,2";
			};
			name = Release;
		};
/* End XCBuildConfiguration section */

/* Begin XCConfigurationList section */
		E2689C1627B1A07E00D62EE2 /* Build configuration list for PBXProject "SQLiteBasic" */ = {
			isa = XCConfigurationList;
			buildConfigurations = (
				E2689C2D27B1A07F00D62EE2 /* Debug */,
				E2689C2E27B1A07F00D62EE2 /* Release */,
			);
			defaultConfigurationIsVisible = 0;
			defaultConfigurationName = Release;
		};
		E2689C2F27B1A07F00D62EE2 /* Build configuration list for PBXNativeTarget "SQLiteBasic" */ = {
			isa = XCConfigurationList;
			buildConfigurations = (
				E2689C3027B1A07F00D62EE2 /* Debug */,
				E2689C3127B1A07F00D62EE2 /* Release */,
			);
			defaultConfigurationIsVisible = 0;
			defaultConfigurationName = Release;
		};
/* End XCConfigurationList section */
	};
	rootObject = E2689C1327B1A07E00D62EE2 /* Project object */;
}
